
Microsoft Visual Studio Solution File, Format Version 12.00
# Visual Studio Version 17
VisualStudioVersion = 17.9.34607.119
MinimumVisualStudioVersion = 10.0.40219.1
Project("{FAE04EC0-301F-11D3-BF4B-00C04F79EFBC}") = "NewApp", "NewApp\NewApp.csproj", "{B80B79FA-144B-4523-8D83-494F05E45413}"
EndProject
Global
	GlobalSection(SolutionConfigurationPlatforms) = preSolution
		Debug|Any CPU = Debug|Any CPU
		Release|Any CPU = Release|Any CPU
	EndGlobalSection
	GlobalSection(ProjectConfigurationPlatforms) = postSolution
		{B80B79FA-144B-4523-8D83-494F05E45413}.Debug|Any CPU.ActiveCfg = Debug|Any CPU
		{B80B79FA-144B-4523-8D83-494F05E45413}.Debug|Any CPU.Build.0 = Debug|Any CPU
		{B80B79FA-144B-4523-8D83-494F05E45413}.Release|Any CPU.ActiveCfg = Release|Any CPU
		{B80B79FA-144B-4523-8D83-494F05E45413}.Release|Any CPU.Build.0 = Release|Any CPU
	EndGlobalSection
	GlobalSection(SolutionProperties) = preSolution
		HideSolutionNode = FALSE
	EndGlobalSection
	GlobalSection(ExtensibilityGlobals) = postSolution
		SolutionGuid = {290CB6EA-E7EE-4F0B-AB8A-A58B8DBD5CEA}
	EndGlobalSection
EndGlobal
